
Microsoft Visual Studio Solution File, Format Version 12.00
# Visual Studio Version 17
VisualStudioVersion = 17.2.32526.322
MinimumVisualStudioVersion = 10.0.40219.1
Project("{FAE04EC0-301F-11D3-BF4B-00C04F79EFBC}") = "eventinsertion", "eventinsertion\eventinsertion.csproj", "{2291C1D0-2701-4779-A9F1-637AEF89B24B}"
EndProject
Project("{FAE04EC0-301F-11D3-BF4B-00C04F79EFBC}") = "WebApplication2", "WebApplication2\WebApplication2.csproj", "{F7E846DE-63D4-415C-A120-3DAD0C254173}"
EndProject
Global
	GlobalSection(SolutionConfigurationPlatforms) = preSolution
		Debug|Any CPU = Debug|Any CPU
		Release|Any CPU = Release|Any CPU
	EndGlobalSection
	GlobalSection(ProjectConfigurationPlatforms) = postSolution
		{2291C1D0-2701-4779-A9F1-637AEF89B24B}.Debug|Any CPU.ActiveCfg = Debug|Any CPU
		{2291C1D0-2701-4779-A9F1-637AEF89B24B}.Debug|Any CPU.Build.0 = Debug|Any CPU
		{2291C1D0-2701-4779-A9F1-637AEF89B24B}.Release|Any CPU.ActiveCfg = Release|Any CPU
		{2291C1D0-2701-4779-A9F1-637AEF89B24B}.Release|Any CPU.Build.0 = Release|Any CPU
		{F7E846DE-63D4-415C-A120-3DAD0C254173}.Debug|Any CPU.ActiveCfg = Debug|Any CPU
		{F7E846DE-63D4-415C-A120-3DAD0C254173}.Debug|Any CPU.Build.0 = Debug|Any CPU
		{F7E846DE-63D4-415C-A120-3DAD0C254173}.Release|Any CPU.ActiveCfg = Release|Any CPU
		{F7E846DE-63D4-415C-A120-3DAD0C254173}.Release|Any CPU.Build.0 = Release|Any CPU
	EndGlobalSection
	GlobalSection(SolutionProperties) = preSolution
		HideSolutionNode = FALSE
	EndGlobalSection
	GlobalSection(ExtensibilityGlobals) = postSolution
		SolutionGuid = {F123BB49-251F-4629-B087-9B600530B3AA}
	EndGlobalSection
EndGlobal
